
Microsoft Visual Studio Solution File, Format Version 12.00
# Visual Studio Version 17
VisualStudioVersion = 17.6.33829.357
MinimumVisualStudioVersion = 10.0.40219.1
Project("{9A19103F-16F7-4668-BE54-9A1E7A4F7556}") = "DataAccessLibrary", "DataAccessLibrary\DataAccessLibrary.csproj", "{E3BBB6DC-A16C-4BB9-A39C-30A84AFE16AA}"
EndProject
Project("{9A19103F-16F7-4668-BE54-9A1E7A4F7556}") = "Magento2ConnectorLibrary", "Magento2ConnectorLibrary\Magento2ConnectorLibrary.csproj", "{4F131D6E-55CB-49B5-80D9-BB1C0489BFBD}"
EndProject
Project("{9A19103F-16F7-4668-BE54-9A1E7A4F7556}") = "OmegaCubeInventoryAPI", "OmegaCubeInventoryAPI\OmegaCubeInventoryAPI.csproj", "{ADA83988-9376-4C1B-B0D8-EFCF9AC9019A}"
EndProject
Project("{9A19103F-16F7-4668-BE54-9A1E7A4F7556}") = "UpdateInventoryMagentoUI", "UpdateInventoryMagento\UpdateInventoryMagentoUI.csproj", "{FEB2ABDA-DF4E-4982-9E82-4969DBB05591}"
EndProject
Global
	GlobalSection(SolutionConfigurationPlatforms) = preSolution
		Debug|Any CPU = Debug|Any CPU
		Release|Any CPU = Release|Any CPU
	EndGlobalSection
	GlobalSection(ProjectConfigurationPlatforms) = postSolution
		{E3BBB6DC-A16C-4BB9-A39C-30A84AFE16AA}.Debug|Any CPU.ActiveCfg = Debug|Any CPU
		{E3BBB6DC-A16C-4BB9-A39C-30A84AFE16AA}.Debug|Any CPU.Build.0 = Debug|Any CPU
		{E3BBB6DC-A16C-4BB9-A39C-30A84AFE16AA}.Release|Any CPU.ActiveCfg = Release|Any CPU
		{E3BBB6DC-A16C-4BB9-A39C-30A84AFE16AA}.Release|Any CPU.Build.0 = Release|Any CPU
		{4F131D6E-55CB-49B5-80D9-BB1C0489BFBD}.Debug|Any CPU.ActiveCfg = Debug|Any CPU
		{4F131D6E-55CB-49B5-80D9-BB1C0489BFBD}.Debug|Any CPU.Build.0 = Debug|Any CPU
		{4F131D6E-55CB-49B5-80D9-BB1C0489BFBD}.Release|Any CPU.ActiveCfg = Release|Any CPU
		{4F131D6E-55CB-49B5-80D9-BB1C0489BFBD}.Release|Any CPU.Build.0 = Release|Any CPU
		{ADA83988-9376-4C1B-B0D8-EFCF9AC9019A}.Debug|Any CPU.ActiveCfg = Debug|Any CPU
		{ADA83988-9376-4C1B-B0D8-EFCF9AC9019A}.Debug|Any CPU.Build.0 = Debug|Any CPU
		{ADA83988-9376-4C1B-B0D8-EFCF9AC9019A}.Release|Any CPU.ActiveCfg = Release|Any CPU
		{ADA83988-9376-4C1B-B0D8-EFCF9AC9019A}.Release|Any CPU.Build.0 = Release|Any CPU
		{FEB2ABDA-DF4E-4982-9E82-4969DBB05591}.Debug|Any CPU.ActiveCfg = Debug|Any CPU
		{FEB2ABDA-DF4E-4982-9E82-4969DBB05591}.Debug|Any CPU.Build.0 = Debug|Any CPU
		{FEB2ABDA-DF4E-4982-9E82-4969DBB05591}.Release|Any CPU.ActiveCfg = Release|Any CPU
		{FEB2ABDA-DF4E-4982-9E82-4969DBB05591}.Release|Any CPU.Build.0 = Release|Any CPU
	EndGlobalSection
	GlobalSection(SolutionProperties) = preSolution
		HideSolutionNode = FALSE
	EndGlobalSection
	GlobalSection(ExtensibilityGlobals) = postSolution
		SolutionGuid = {AED1585B-FB7F-4E89-BF2E-5E5CBADEB972}
	EndGlobalSection
EndGlobal
